
Microsoft Visual Studio Solution File, Format Version 12.00
# Visual Studio Version 17
VisualStudioVersion = 17.3.32714.290
MinimumVisualStudioVersion = 10.0.40219.1
Project("{FAE04EC0-301F-11D3-BF4B-00C04F79EFBC}") = "BasicCdkSetup.Core", "src\BasicCdkSetup.Core\BasicCdkSetup.Core.csproj", "{AA7CAB78-FAD5-4700-8DEC-ADD3C2EE4EF2}"
EndProject
Project("{FAE04EC0-301F-11D3-BF4B-00C04F79EFBC}") = "BasicCdkSetup.HelloWorldLambda", "src\BasicCdkSetup.HelloWorldLambda\BasicCdkSetup.HelloWorldLambda.csproj", "{2A1531A0-6D0B-458E-8AE6-CD89707D7C2A}"
EndProject
Global
	GlobalSection(SolutionConfigurationPlatforms) = preSolution
		Debug|Any CPU = Debug|Any CPU
		Release|Any CPU = Release|Any CPU
	EndGlobalSection
	GlobalSection(ProjectConfigurationPlatforms) = postSolution
		{AA7CAB78-FAD5-4700-8DEC-ADD3C2EE4EF2}.Debug|Any CPU.ActiveCfg = Debug|Any CPU
		{AA7CAB78-FAD5-4700-8DEC-ADD3C2EE4EF2}.Debug|Any CPU.Build.0 = Debug|Any CPU
		{AA7CAB78-FAD5-4700-8DEC-ADD3C2EE4EF2}.Release|Any CPU.ActiveCfg = Release|Any CPU
		{AA7CAB78-FAD5-4700-8DEC-ADD3C2EE4EF2}.Release|Any CPU.Build.0 = Release|Any CPU
		{2A1531A0-6D0B-458E-8AE6-CD89707D7C2A}.Debug|Any CPU.ActiveCfg = Debug|Any CPU
		{2A1531A0-6D0B-458E-8AE6-CD89707D7C2A}.Debug|Any CPU.Build.0 = Debug|Any CPU
		{2A1531A0-6D0B-458E-8AE6-CD89707D7C2A}.Release|Any CPU.ActiveCfg = Release|Any CPU
		{2A1531A0-6D0B-458E-8AE6-CD89707D7C2A}.Release|Any CPU.Build.0 = Release|Any CPU
	EndGlobalSection
	GlobalSection(SolutionProperties) = preSolution
		HideSolutionNode = FALSE
	EndGlobalSection
	GlobalSection(ExtensibilityGlobals) = postSolution
		SolutionGuid = {BB8513E6-2DC6-4868-8609-0EF713CD2DE2}
	EndGlobalSection
EndGlobal
