
Microsoft Visual Studio Solution File, Format Version 12.00
# Visual Studio Version 17
VisualStudioVersion = 17.3.32714.290
MinimumVisualStudioVersion = 10.0.40219.1
Project("{FAE04EC0-301F-11D3-BF4B-00C04F79EFBC}") = "BasicCdkSetup.HelloWorldLambda", "BasicCdkSetup.HelloWorldLambda\BasicCdkSetup.HelloWorldLambda.csproj", "{B0DF308E-633B-4E06-8378-59C245190DDC}"
EndProject
Project("{FAE04EC0-301F-11D3-BF4B-00C04F79EFBC}") = "BasicCdkSetup.Core", "BasicCdkSetup.Core\BasicCdkSetup.Core.csproj", "{7E6C42DD-308B-40A9-97FD-E5E4A3CDC5B9}"
EndProject
Global
	GlobalSection(SolutionConfigurationPlatforms) = preSolution
		Debug|Any CPU = Debug|Any CPU
		Release|Any CPU = Release|Any CPU
	EndGlobalSection
	GlobalSection(ProjectConfigurationPlatforms) = postSolution
		{B0DF308E-633B-4E06-8378-59C245190DDC}.Debug|Any CPU.ActiveCfg = Debug|Any CPU
		{B0DF308E-633B-4E06-8378-59C245190DDC}.Debug|Any CPU.Build.0 = Debug|Any CPU
		{B0DF308E-633B-4E06-8378-59C245190DDC}.Release|Any CPU.ActiveCfg = Release|Any CPU
		{B0DF308E-633B-4E06-8378-59C245190DDC}.Release|Any CPU.Build.0 = Release|Any CPU
		{7E6C42DD-308B-40A9-97FD-E5E4A3CDC5B9}.Debug|Any CPU.ActiveCfg = Debug|Any CPU
		{7E6C42DD-308B-40A9-97FD-E5E4A3CDC5B9}.Debug|Any CPU.Build.0 = Debug|Any CPU
		{7E6C42DD-308B-40A9-97FD-E5E4A3CDC5B9}.Release|Any CPU.ActiveCfg = Release|Any CPU
		{7E6C42DD-308B-40A9-97FD-E5E4A3CDC5B9}.Release|Any CPU.Build.0 = Release|Any CPU
	EndGlobalSection
	GlobalSection(SolutionProperties) = preSolution
		HideSolutionNode = FALSE
	EndGlobalSection
	GlobalSection(ExtensibilityGlobals) = postSolution
		SolutionGuid = {BB8513E6-2DC6-4868-8609-0EF713CD2DE2}
	EndGlobalSection
EndGlobal
